
Microsoft Visual Studio Solution File, Format Version 12.00
# Visual Studio Version 16
VisualStudioVersion = 16.0.32126.315
MinimumVisualStudioVersion = 10.0.40219.1
Project("{F184B08F-C81C-45F6-A57F-5ABD9991F28F}") = "Nomade.NF", "Clases\Nomade.NF\Nomade.NF.vbproj", "{EFC3D67A-29E1-4944-87AF-6BBB3506E291}"
	ProjectSection(ProjectDependencies) = postProject
		{46A2F100-C2F5-492C-9CA6-392589E86469} = {46A2F100-C2F5-492C-9CA6-392589E86469}
		{10213104-9095-4EC3-A39F-08314960114D} = {10213104-9095-4EC3-A39F-08314960114D}
		{D652E806-8098-4B0E-A933-1B2C4A342A62} = {D652E806-8098-4B0E-A933-1B2C4A342A62}
		{5C53040B-28AC-4EEB-86DB-33D1BE705D63} = {5C53040B-28AC-4EEB-86DB-33D1BE705D63}
		{8F636B1D-CCCF-4A35-BF28-39E9B2438176} = {8F636B1D-CCCF-4A35-BF28-39E9B2438176}
		{85E07522-68AD-4BDA-B040-19058F0BD509} = {85E07522-68AD-4BDA-B040-19058F0BD509}
		{A951AA2F-92E7-4819-892C-5660000A22BF} = {A951AA2F-92E7-4819-892C-5660000A22BF}
		{4070CB2F-BF30-4EDA-9BDC-07D2F9DCD829} = {4070CB2F-BF30-4EDA-9BDC-07D2F9DCD829}
		{5778CF31-50E8-4077-9E68-D5882BD4259C} = {5778CF31-50E8-4077-9E68-D5882BD4259C}
		{6147A53F-21BD-40E9-B7C0-7E4D90B4E004} = {6147A53F-21BD-40E9-B7C0-7E4D90B4E004}
		{31273543-2AD8-4BF0-9F57-4BE3A0C70365} = {31273543-2AD8-4BF0-9F57-4BE3A0C70365}
		{665DDD50-15BD-49C1-8A24-A01DAFF6321A} = {665DDD50-15BD-49C1-8A24-A01DAFF6321A}
		{6A2D7557-7066-45CA-93AB-D509B4FC2A61} = {6A2D7557-7066-45CA-93AB-D509B4FC2A61}
		{812BBB66-8E50-4D7D-8241-52819FC7F2EC} = {812BBB66-8E50-4D7D-8241-52819FC7F2EC}
		{6D879F98-F4BE-4F4E-AB4B-57D216B401A3} = {6D879F98-F4BE-4F4E-AB4B-57D216B401A3}
		{5FA5569B-A3B6-4C30-9508-1539D32A9466} = {5FA5569B-A3B6-4C30-9508-1539D32A9466}
		{7DFDE1BE-6E33-4C50-B5FB-E5D2CA888B33} = {7DFDE1BE-6E33-4C50-B5FB-E5D2CA888B33}
		{6FC1FCBF-D322-4B7D-AEFD-D5EFC0B5FE99} = {6FC1FCBF-D322-4B7D-AEFD-D5EFC0B5FE99}
		{ACAB55C8-6642-4866-86F0-B029AFA0AF96} = {ACAB55C8-6642-4866-86F0-B029AFA0AF96}
		{847559CE-4C2E-4F35-A629-9941B0A3D2FF} = {847559CE-4C2E-4F35-A629-9941B0A3D2FF}
		{6FDCDBD5-F02C-40DE-B6AA-B00C5E473B5B} = {6FDCDBD5-F02C-40DE-B6AA-B00C5E473B5B}
		{70412DEA-A6B3-432A-8C18-DBFCDD611E2F} = {70412DEA-A6B3-432A-8C18-DBFCDD611E2F}
		{8B474AEC-A7C6-4C7E-8DDC-4FAC65C5B097} = {8B474AEC-A7C6-4C7E-8DDC-4FAC65C5B097}
		{39BBA3EC-C440-4EA9-B70C-2327237985BF} = {39BBA3EC-C440-4EA9-B70C-2327237985BF}
	EndProjectSection
EndProject
Project("{F184B08F-C81C-45F6-A57F-5ABD9991F28F}") = "Nomade.ConsultasServer", "Clases\Nomade.ConsultasServer\Nomade.ConsultasServer.vbproj", "{7DFDE1BE-6E33-4C50-B5FB-E5D2CA888B33}"
EndProject
Project("{F184B08F-C81C-45F6-A57F-5ABD9991F28F}") = "Nomade.NM", "Clases\Nomade.NM\Nomade.NM.vbproj", "{8B474AEC-A7C6-4C7E-8DDC-4FAC65C5B097}"
EndProject
Project("{F184B08F-C81C-45F6-A57F-5ABD9991F28F}") = "Nomade.NR", "Clases\Nomade.NR\Nomade.NR.vbproj", "{6147A53F-21BD-40E9-B7C0-7E4D90B4E004}"
EndProject
Project("{F184B08F-C81C-45F6-A57F-5ABD9991F28F}") = "Nomade.GL", "Clases\Nomade.GL\Nomade.GL.vbproj", "{A951AA2F-92E7-4819-892C-5660000A22BF}"
EndProject
Project("{F184B08F-C81C-45F6-A57F-5ABD9991F28F}") = "Nomade.CC", "Clases\Nomade.CC\Nomade.CC.vbproj", "{31273543-2AD8-4BF0-9F57-4BE3A0C70365}"
EndProject
Project("{F184B08F-C81C-45F6-A57F-5ABD9991F28F}") = "Nomade.CO", "Clases\Nomade.CO\Nomade.CO.vbproj", "{847559CE-4C2E-4F35-A629-9941B0A3D2FF}"
EndProject
Project("{F184B08F-C81C-45F6-A57F-5ABD9991F28F}") = "Nomade.NB", "Clases\Nomade.NB\Nomade.NB.vbproj", "{5FA5569B-A3B6-4C30-9508-1539D32A9466}"
EndProject
Project("{F184B08F-C81C-45F6-A57F-5ABD9991F28F}") = "Nomade.Mail", "Clases\Nomade.Mail\Nomade.Mail.vbproj", "{8F636B1D-CCCF-4A35-BF28-39E9B2438176}"
EndProject
Project("{F184B08F-C81C-45F6-A57F-5ABD9991F28F}") = "Nomade.FI", "Clases\Nomade.FI\Nomade.FI.vbproj", "{ACAB55C8-6642-4866-86F0-B029AFA0AF96}"
EndProject
Project("{F184B08F-C81C-45F6-A57F-5ABD9991F28F}") = "Nomade.AF", "Clases\Nomade.AF\Nomade.AF.vbproj", "{70412DEA-A6B3-432A-8C18-DBFCDD611E2F}"
EndProject
Project("{F184B08F-C81C-45F6-A57F-5ABD9991F28F}") = "Nomade.NA", "Clases\Nomade.NA\Nomade.NA.vbproj", "{812BBB66-8E50-4D7D-8241-52819FC7F2EC}"
EndProject
Project("{F184B08F-C81C-45F6-A57F-5ABD9991F28F}") = "Nomade.MP", "Clases\Nomade.MP\Nomade.MP.vbproj", "{D652E806-8098-4B0E-A933-1B2C4A342A62}"
EndProject
Project("{FAE04EC0-301F-11D3-BF4B-00C04F79EFBC}") = "ChatJs.Net", "ChatJs.Net\ChatJs.Net.csproj", "{6FDCDBD5-F02C-40DE-B6AA-B00C5E473B5B}"
EndProject
Project("{F184B08F-C81C-45F6-A57F-5ABD9991F28F}") = "Nomade.NS", "Clases\Nomade.NS\Nomade.NS.vbproj", "{5C53040B-28AC-4EEB-86DB-33D1BE705D63}"
EndProject
Project("{F184B08F-C81C-45F6-A57F-5ABD9991F28F}") = "Nomade.CT", "Clases\Nomade.CT\Nomade.CT.vbproj", "{4070CB2F-BF30-4EDA-9BDC-07D2F9DCD829}"
EndProject
Project("{F184B08F-C81C-45F6-A57F-5ABD9991F28F}") = "Nomade.DS", "Clases\Nomade.DS\Nomade.DS.vbproj", "{10213104-9095-4EC3-A39F-08314960114D}"
EndProject
Project("{F184B08F-C81C-45F6-A57F-5ABD9991F28F}") = "Nomade.BB", "Clases\Nomade.BB\Nomade.BB.vbproj", "{39BBA3EC-C440-4EA9-B70C-2327237985BF}"
EndProject
Project("{F184B08F-C81C-45F6-A57F-5ABD9991F28F}") = "Nomade.CA", "Clases\Nomade.CA\Nomade.CA.vbproj", "{6FC1FCBF-D322-4B7D-AEFD-D5EFC0B5FE99}"
EndProject
Project("{F184B08F-C81C-45F6-A57F-5ABD9991F28F}") = "Nomade.CP", "Clases\Nomade.CP\Nomade.CP.vbproj", "{6D879F98-F4BE-4F4E-AB4B-57D216B401A3}"
EndProject
Project("{F184B08F-C81C-45F6-A57F-5ABD9991F28F}") = "Nomade.GB", "Clases\Nomade.GB\Nomade.GB.vbproj", "{46A2F100-C2F5-492C-9CA6-392589E86469}"
EndProject
Project("{FAE04EC0-301F-11D3-BF4B-00C04F79EFBC}") = "Nomade.Impresion", "Clases\Nomade.Impresion\Nomade.Impresion.csproj", "{85E07522-68AD-4BDA-B040-19058F0BD509}"
EndProject
Project("{F184B08F-C81C-45F6-A57F-5ABD9991F28F}") = "Nomade.NN", "Clases\Nomade.NN\Nomade.NN.vbproj", "{665DDD50-15BD-49C1-8A24-A01DAFF6321A}"
EndProject
Project("{F184B08F-C81C-45F6-A57F-5ABD9991F28F}") = "Nomade.NV", "Clases\Nomade.NV\Nomade.NV.vbproj", "{5778CF31-50E8-4077-9E68-D5882BD4259C}"
EndProject
Project("{F184B08F-C81C-45F6-A57F-5ABD9991F28F}") = "Nomade.OP", "Clases\Nomade.OP\Nomade.OP.vbproj", "{6A2D7557-7066-45CA-93AB-D509B4FC2A61}"
EndProject
Project("{FAE04EC0-301F-11D3-BF4B-00C04F79EFBC}") = "Nomade.DataAccess", "Nomade.DataAccess\Nomade.DataAccess.csproj", "{BC1955BE-BB72-4F39-98F6-F5925DB49B04}"
EndProject
Project("{F184B08F-C81C-45F6-A57F-5ABD9991F28F}") = "Nomade.NC", "Clases\Nomade.NC\Nomade.NC.vbproj", "{02FBFC6C-2E2E-49B7-BF4C-DE15608EC171}"
EndProject
Project("{F184B08F-C81C-45F6-A57F-5ABD9991F28F}") = "Nomade.AD", "Clases\Nomade.AD\Nomade.AD.vbproj", "{97B4F8F2-87F7-4CD0-82D4-2A4A73752973}"
EndProject
Project("{F184B08F-C81C-45F6-A57F-5ABD9991F28F}") = "Nomade.EF", "Clases\Nomade.EF\Nomade.EF.vbproj", "{AB6A64E9-FA3A-42C8-8ADD-6757CC9D6369}"
EndProject
Project("{FAE04EC0-301F-11D3-BF4B-00C04F79EFBC}") = "Nomade.Efact", "Clases\Nomade.Efact\Nomade.Efact.csproj", "{4AD9D495-1F1E-42C9-A192-A071CE5A5B47}"
EndProject
Project("{E24C65DC-7377-472B-9ABA-BC803B73C61A}") = "Nomade V4", "http://localhost:7405", "{9241258E-F5FB-45A1-A716-B848287D2593}"
	ProjectSection(WebsiteProperties) = preProject
		SccProjectName = "SAK"
		SccAuxPath = "SAK"
		SccLocalPath = "SAK"
		SccProvider = "SAK"
		UseIISExpress = "true"
		TargetFrameworkMoniker = ".NETFramework,Version%3Dv4.5"
		ProjectReferences = "{5fa5569b-a3b6-4c30-9508-1539d32a9466}|Nomade.NB.dll;{BC1955BE-BB72-4F39-98F6-F5925DB49B04}|Nomade.DataAccess.dll;{02fbfc6c-2e2e-49b7-bf4c-de15608ec171}|Nomade.NC.dll;{6fdcdbd5-f02c-40de-b6aa-b00c5e473b5b}|ChatJs.Net.dll;{97b4f8f2-87f7-4cd0-82d4-2a4a73752973}|Nomade.AD.dll;{70412dea-a6b3-432a-8c18-dbfcdd611e2f}|Nomade.AF.dll;{39bba3ec-c440-4ea9-b70c-2327237985bf}|Nomade.BB.dll;{6fc1fcbf-d322-4b7d-aefd-d5efc0b5fe99}|Nomade.CA.dll;{31273543-2ad8-4bf0-9f57-4be3a0c70365}|Nomade.CC.dll;{847559ce-4c2e-4f35-a629-9941b0a3d2ff}|Nomade.CO.dll;{7dfde1be-6e33-4c50-b5fb-e5d2ca888b33}|Nomade.ConsultasServer.dll;{6d879f98-f4be-4f4e-ab4b-57d216b401a3}|Nomade.CP.dll;{4070cb2f-bf30-4eda-9bdc-07d2f9dcd829}|Nomade.CT.dll;{10213104-9095-4ec3-a39f-08314960114d}|Nomade.DS.dll;{ab6a64e9-fa3a-42c8-8add-6757cc9d6369}|Nomade.EF.dll;{4ad9d495-1f1e-42c9-a192-a071ce5a5b47}|Nomade.Efact.dll;{acab55c8-6642-4866-86f0-b029afa0af96}|Nomade.FI.dll;{46a2f100-c2f5-492c-9ca6-392589e86469}|Nomade.GB.dll;{a951aa2f-92e7-4819-892c-5660000a22bf}|Nomade.GL.dll;{85e07522-68ad-4bda-b040-19058f0bd509}|Nomade.Impresion.dll;{8f636b1d-cccf-4a35-bf28-39e9b2438176}|Nomade.Mail.dll;{d652e806-8098-4b0e-a933-1b2c4a342a62}|Nomade.MP.dll;{812bbb66-8e50-4d7d-8241-52819fc7f2ec}|Nomade.NA.dll;{efc3d67a-29e1-4944-87af-6bbb3506e291}|Nomade.NF.dll;{8b474aec-a7c6-4c7e-8ddc-4fac65c5b097}|Nomade.NM.dll;{665ddd50-15bd-49c1-8a24-a01daff6321a}|Nomade.NN.dll;{6147a53f-21bd-40e9-b7c0-7e4d90b4e004}|Nomade.NR.dll;{5c53040b-28ac-4eeb-86db-33d1be705d63}|Nomade.NS.dll;{5778cf31-50e8-4077-9e68-d5882bd4259c}|Nomade.NV.dll;{6a2d7557-7066-45ca-93ab-d509b4fc2a61}|Nomade.OP.dll;{3d35a207-5d40-4c76-9b4a-e754ae27f94f}|Nomade.AL.dll;"
		Debug.AspNetCompiler.VirtualPath = "/localhost_7405"
		Debug.AspNetCompiler.PhysicalPath = "Nomade V4\"
		Debug.AspNetCompiler.TargetPath = "PrecompiledWeb\localhost_7405\"
		Debug.AspNetCompiler.Updateable = "true"
		Debug.AspNetCompiler.ForceOverwrite = "true"
		Debug.AspNetCompiler.FixedNames = "false"
		Debug.AspNetCompiler.Debug = "True"
		Release.AspNetCompiler.VirtualPath = "/localhost_7405"
		Release.AspNetCompiler.PhysicalPath = "Nomade V4\"
		Release.AspNetCompiler.TargetPath = "PrecompiledWeb\localhost_7405\"
		Release.AspNetCompiler.Updateable = "true"
		Release.AspNetCompiler.ForceOverwrite = "true"
		Release.AspNetCompiler.FixedNames = "false"
		Release.AspNetCompiler.Debug = "False"
		SlnRelativePath = "Nomade V4\"
	EndProjectSection
EndProject
Project("{F184B08F-C81C-45F6-A57F-5ABD9991F28F}") = "Nomade.AL", "Clases\Nomade.AL\Nomade.AL.vbproj", "{3D35A207-5D40-4C76-9B4A-E754AE27F94F}"
EndProject
Global
	GlobalSection(SolutionConfigurationPlatforms) = preSolution
		Debug|Any CPU = Debug|Any CPU
		Release|Any CPU = Release|Any CPU
	EndGlobalSection
	GlobalSection(ProjectConfigurationPlatforms) = postSolution
		{EFC3D67A-29E1-4944-87AF-6BBB3506E291}.Debug|Any CPU.ActiveCfg = Debug|Any CPU
		{EFC3D67A-29E1-4944-87AF-6BBB3506E291}.Debug|Any CPU.Build.0 = Debug|Any CPU
		{EFC3D67A-29E1-4944-87AF-6BBB3506E291}.Release|Any CPU.ActiveCfg = Release|Any CPU
		{EFC3D67A-29E1-4944-87AF-6BBB3506E291}.Release|Any CPU.Build.0 = Release|Any CPU
		{7DFDE1BE-6E33-4C50-B5FB-E5D2CA888B33}.Debug|Any CPU.ActiveCfg = Debug|Any CPU
		{7DFDE1BE-6E33-4C50-B5FB-E5D2CA888B33}.Debug|Any CPU.Build.0 = Debug|Any CPU
		{7DFDE1BE-6E33-4C50-B5FB-E5D2CA888B33}.Release|Any CPU.ActiveCfg = Release|Any CPU
		{7DFDE1BE-6E33-4C50-B5FB-E5D2CA888B33}.Release|Any CPU.Build.0 = Release|Any CPU
		{8B474AEC-A7C6-4C7E-8DDC-4FAC65C5B097}.Debug|Any CPU.ActiveCfg = Debug|Any CPU
		{8B474AEC-A7C6-4C7E-8DDC-4FAC65C5B097}.Debug|Any CPU.Build.0 = Debug|Any CPU
		{8B474AEC-A7C6-4C7E-8DDC-4FAC65C5B097}.Release|Any CPU.ActiveCfg = Release|Any CPU
		{8B474AEC-A7C6-4C7E-8DDC-4FAC65C5B097}.Release|Any CPU.Build.0 = Release|Any CPU
		{6147A53F-21BD-40E9-B7C0-7E4D90B4E004}.Debug|Any CPU.ActiveCfg = Debug|Any CPU
		{6147A53F-21BD-40E9-B7C0-7E4D90B4E004}.Debug|Any CPU.Build.0 = Debug|Any CPU
		{6147A53F-21BD-40E9-B7C0-7E4D90B4E004}.Release|Any CPU.ActiveCfg = Release|Any CPU
		{6147A53F-21BD-40E9-B7C0-7E4D90B4E004}.Release|Any CPU.Build.0 = Release|Any CPU
		{A951AA2F-92E7-4819-892C-5660000A22BF}.Debug|Any CPU.ActiveCfg = Debug|Any CPU
		{A951AA2F-92E7-4819-892C-5660000A22BF}.Debug|Any CPU.Build.0 = Debug|Any CPU
		{A951AA2F-92E7-4819-892C-5660000A22BF}.Release|Any CPU.ActiveCfg = Release|Any CPU
		{A951AA2F-92E7-4819-892C-5660000A22BF}.Release|Any CPU.Build.0 = Release|Any CPU
		{31273543-2AD8-4BF0-9F57-4BE3A0C70365}.Debug|Any CPU.ActiveCfg = Debug|Any CPU
		{31273543-2AD8-4BF0-9F57-4BE3A0C70365}.Debug|Any CPU.Build.0 = Debug|Any CPU
		{31273543-2AD8-4BF0-9F57-4BE3A0C70365}.Release|Any CPU.ActiveCfg = Release|Any CPU
		{31273543-2AD8-4BF0-9F57-4BE3A0C70365}.Release|Any CPU.Build.0 = Release|Any CPU
		{847559CE-4C2E-4F35-A629-9941B0A3D2FF}.Debug|Any CPU.ActiveCfg = Debug|Any CPU
		{847559CE-4C2E-4F35-A629-9941B0A3D2FF}.Debug|Any CPU.Build.0 = Debug|Any CPU
		{847559CE-4C2E-4F35-A629-9941B0A3D2FF}.Release|Any CPU.ActiveCfg = Release|Any CPU
		{847559CE-4C2E-4F35-A629-9941B0A3D2FF}.Release|Any CPU.Build.0 = Release|Any CPU
		{5FA5569B-A3B6-4C30-9508-1539D32A9466}.Debug|Any CPU.ActiveCfg = Debug|Any CPU
		{5FA5569B-A3B6-4C30-9508-1539D32A9466}.Debug|Any CPU.Build.0 = Debug|Any CPU
		{5FA5569B-A3B6-4C30-9508-1539D32A9466}.Release|Any CPU.ActiveCfg = Release|Any CPU
		{5FA5569B-A3B6-4C30-9508-1539D32A9466}.Release|Any CPU.Build.0 = Release|Any CPU
		{8F636B1D-CCCF-4A35-BF28-39E9B2438176}.Debug|Any CPU.ActiveCfg = Debug|Any CPU
		{8F636B1D-CCCF-4A35-BF28-39E9B2438176}.Debug|Any CPU.Build.0 = Debug|Any CPU
		{8F636B1D-CCCF-4A35-BF28-39E9B2438176}.Release|Any CPU.ActiveCfg = Release|Any CPU
		{8F636B1D-CCCF-4A35-BF28-39E9B2438176}.Release|Any CPU.Build.0 = Release|Any CPU
		{ACAB55C8-6642-4866-86F0-B029AFA0AF96}.Debug|Any CPU.ActiveCfg = Debug|Any CPU
		{ACAB55C8-6642-4866-86F0-B029AFA0AF96}.Debug|Any CPU.Build.0 = Debug|Any CPU
		{ACAB55C8-6642-4866-86F0-B029AFA0AF96}.Release|Any CPU.ActiveCfg = Release|Any CPU
		{ACAB55C8-6642-4866-86F0-B029AFA0AF96}.Release|Any CPU.Build.0 = Release|Any CPU
		{70412DEA-A6B3-432A-8C18-DBFCDD611E2F}.Debug|Any CPU.ActiveCfg = Debug|Any CPU
		{70412DEA-A6B3-432A-8C18-DBFCDD611E2F}.Debug|Any CPU.Build.0 = Debug|Any CPU
		{70412DEA-A6B3-432A-8C18-DBFCDD611E2F}.Release|Any CPU.ActiveCfg = Release|Any CPU
		{70412DEA-A6B3-432A-8C18-DBFCDD611E2F}.Release|Any CPU.Build.0 = Release|Any CPU
		{812BBB66-8E50-4D7D-8241-52819FC7F2EC}.Debug|Any CPU.ActiveCfg = Debug|Any CPU
		{812BBB66-8E50-4D7D-8241-52819FC7F2EC}.Debug|Any CPU.Build.0 = Debug|Any CPU
		{812BBB66-8E50-4D7D-8241-52819FC7F2EC}.Release|Any CPU.ActiveCfg = Release|Any CPU
		{812BBB66-8E50-4D7D-8241-52819FC7F2EC}.Release|Any CPU.Build.0 = Release|Any CPU
		{D652E806-8098-4B0E-A933-1B2C4A342A62}.Debug|Any CPU.ActiveCfg = Debug|Any CPU
		{D652E806-8098-4B0E-A933-1B2C4A342A62}.Debug|Any CPU.Build.0 = Debug|Any CPU
		{D652E806-8098-4B0E-A933-1B2C4A342A62}.Release|Any CPU.ActiveCfg = Release|Any CPU
		{D652E806-8098-4B0E-A933-1B2C4A342A62}.Release|Any CPU.Build.0 = Release|Any CPU
		{6FDCDBD5-F02C-40DE-B6AA-B00C5E473B5B}.Debug|Any CPU.ActiveCfg = Debug|Any CPU
		{6FDCDBD5-F02C-40DE-B6AA-B00C5E473B5B}.Debug|Any CPU.Build.0 = Debug|Any CPU
		{6FDCDBD5-F02C-40DE-B6AA-B00C5E473B5B}.Release|Any CPU.ActiveCfg = Release|Any CPU
		{6FDCDBD5-F02C-40DE-B6AA-B00C5E473B5B}.Release|Any CPU.Build.0 = Release|Any CPU
		{5C53040B-28AC-4EEB-86DB-33D1BE705D63}.Debug|Any CPU.ActiveCfg = Debug|Any CPU
		{5C53040B-28AC-4EEB-86DB-33D1BE705D63}.Debug|Any CPU.Build.0 = Debug|Any CPU
		{5C53040B-28AC-4EEB-86DB-33D1BE705D63}.Release|Any CPU.ActiveCfg = Release|Any CPU
		{5C53040B-28AC-4EEB-86DB-33D1BE705D63}.Release|Any CPU.Build.0 = Release|Any CPU
		{4070CB2F-BF30-4EDA-9BDC-07D2F9DCD829}.Debug|Any CPU.ActiveCfg = Debug|Any CPU
		{4070CB2F-BF30-4EDA-9BDC-07D2F9DCD829}.Debug|Any CPU.Build.0 = Debug|Any CPU
		{4070CB2F-BF30-4EDA-9BDC-07D2F9DCD829}.Release|Any CPU.ActiveCfg = Release|Any CPU
		{4070CB2F-BF30-4EDA-9BDC-07D2F9DCD829}.Release|Any CPU.Build.0 = Release|Any CPU
		{10213104-9095-4EC3-A39F-08314960114D}.Debug|Any CPU.ActiveCfg = Debug|Any CPU
		{10213104-9095-4EC3-A39F-08314960114D}.Debug|Any CPU.Build.0 = Debug|Any CPU
		{10213104-9095-4EC3-A39F-08314960114D}.Release|Any CPU.ActiveCfg = Release|Any CPU
		{10213104-9095-4EC3-A39F-08314960114D}.Release|Any CPU.Build.0 = Release|Any CPU
		{39BBA3EC-C440-4EA9-B70C-2327237985BF}.Debug|Any CPU.ActiveCfg = Debug|Any CPU
		{39BBA3EC-C440-4EA9-B70C-2327237985BF}.Debug|Any CPU.Build.0 = Debug|Any CPU
		{39BBA3EC-C440-4EA9-B70C-2327237985BF}.Release|Any CPU.ActiveCfg = Release|Any CPU
		{39BBA3EC-C440-4EA9-B70C-2327237985BF}.Release|Any CPU.Build.0 = Release|Any CPU
		{6FC1FCBF-D322-4B7D-AEFD-D5EFC0B5FE99}.Debug|Any CPU.ActiveCfg = Debug|Any CPU
		{6FC1FCBF-D322-4B7D-AEFD-D5EFC0B5FE99}.Debug|Any CPU.Build.0 = Debug|Any CPU
		{6FC1FCBF-D322-4B7D-AEFD-D5EFC0B5FE99}.Release|Any CPU.ActiveCfg = Release|Any CPU
		{6FC1FCBF-D322-4B7D-AEFD-D5EFC0B5FE99}.Release|Any CPU.Build.0 = Release|Any CPU
		{6D879F98-F4BE-4F4E-AB4B-57D216B401A3}.Debug|Any CPU.ActiveCfg = Debug|Any CPU
		{6D879F98-F4BE-4F4E-AB4B-57D216B401A3}.Debug|Any CPU.Build.0 = Debug|Any CPU
		{6D879F98-F4BE-4F4E-AB4B-57D216B401A3}.Release|Any CPU.ActiveCfg = Release|Any CPU
		{6D879F98-F4BE-4F4E-AB4B-57D216B401A3}.Release|Any CPU.Build.0 = Release|Any CPU
		{46A2F100-C2F5-492C-9CA6-392589E86469}.Debug|Any CPU.ActiveCfg = Debug|Any CPU
		{46A2F100-C2F5-492C-9CA6-392589E86469}.Debug|Any CPU.Build.0 = Debug|Any CPU
		{46A2F100-C2F5-492C-9CA6-392589E86469}.Release|Any CPU.ActiveCfg = Release|Any CPU
		{46A2F100-C2F5-492C-9CA6-392589E86469}.Release|Any CPU.Build.0 = Release|Any CPU
		{85E07522-68AD-4BDA-B040-19058F0BD509}.Debug|Any CPU.ActiveCfg = Debug|Any CPU
		{85E07522-68AD-4BDA-B040-19058F0BD509}.Debug|Any CPU.Build.0 = Debug|Any CPU
		{85E07522-68AD-4BDA-B040-19058F0BD509}.Release|Any CPU.ActiveCfg = Release|Any CPU
		{85E07522-68AD-4BDA-B040-19058F0BD509}.Release|Any CPU.Build.0 = Release|Any CPU
		{665DDD50-15BD-49C1-8A24-A01DAFF6321A}.Debug|Any CPU.ActiveCfg = Debug|Any CPU
		{665DDD50-15BD-49C1-8A24-A01DAFF6321A}.Debug|Any CPU.Build.0 = Debug|Any CPU
		{665DDD50-15BD-49C1-8A24-A01DAFF6321A}.Release|Any CPU.ActiveCfg = Release|Any CPU
		{665DDD50-15BD-49C1-8A24-A01DAFF6321A}.Release|Any CPU.Build.0 = Release|Any CPU
		{5778CF31-50E8-4077-9E68-D5882BD4259C}.Debug|Any CPU.ActiveCfg = Debug|Any CPU
		{5778CF31-50E8-4077-9E68-D5882BD4259C}.Debug|Any CPU.Build.0 = Debug|Any CPU
		{5778CF31-50E8-4077-9E68-D5882BD4259C}.Release|Any CPU.ActiveCfg = Release|Any CPU
		{5778CF31-50E8-4077-9E68-D5882BD4259C}.Release|Any CPU.Build.0 = Release|Any CPU
		{6A2D7557-7066-45CA-93AB-D509B4FC2A61}.Debug|Any CPU.ActiveCfg = Debug|Any CPU
		{6A2D7557-7066-45CA-93AB-D509B4FC2A61}.Debug|Any CPU.Build.0 = Debug|Any CPU
		{6A2D7557-7066-45CA-93AB-D509B4FC2A61}.Release|Any CPU.ActiveCfg = Release|Any CPU
		{6A2D7557-7066-45CA-93AB-D509B4FC2A61}.Release|Any CPU.Build.0 = Release|Any CPU
		{BC1955BE-BB72-4F39-98F6-F5925DB49B04}.Debug|Any CPU.ActiveCfg = Debug|Any CPU
		{BC1955BE-BB72-4F39-98F6-F5925DB49B04}.Debug|Any CPU.Build.0 = Debug|Any CPU
		{BC1955BE-BB72-4F39-98F6-F5925DB49B04}.Release|Any CPU.ActiveCfg = Release|Any CPU
		{BC1955BE-BB72-4F39-98F6-F5925DB49B04}.Release|Any CPU.Build.0 = Release|Any CPU
		{02FBFC6C-2E2E-49B7-BF4C-DE15608EC171}.Debug|Any CPU.ActiveCfg = Debug|Any CPU
		{02FBFC6C-2E2E-49B7-BF4C-DE15608EC171}.Debug|Any CPU.Build.0 = Debug|Any CPU
		{02FBFC6C-2E2E-49B7-BF4C-DE15608EC171}.Release|Any CPU.ActiveCfg = Release|Any CPU
		{02FBFC6C-2E2E-49B7-BF4C-DE15608EC171}.Release|Any CPU.Build.0 = Release|Any CPU
		{97B4F8F2-87F7-4CD0-82D4-2A4A73752973}.Debug|Any CPU.ActiveCfg = Debug|Any CPU
		{97B4F8F2-87F7-4CD0-82D4-2A4A73752973}.Debug|Any CPU.Build.0 = Debug|Any CPU
		{97B4F8F2-87F7-4CD0-82D4-2A4A73752973}.Release|Any CPU.ActiveCfg = Release|Any CPU
		{97B4F8F2-87F7-4CD0-82D4-2A4A73752973}.Release|Any CPU.Build.0 = Release|Any CPU
		{AB6A64E9-FA3A-42C8-8ADD-6757CC9D6369}.Debug|Any CPU.ActiveCfg = Debug|Any CPU
		{AB6A64E9-FA3A-42C8-8ADD-6757CC9D6369}.Debug|Any CPU.Build.0 = Debug|Any CPU
		{AB6A64E9-FA3A-42C8-8ADD-6757CC9D6369}.Release|Any CPU.ActiveCfg = Release|Any CPU
		{AB6A64E9-FA3A-42C8-8ADD-6757CC9D6369}.Release|Any CPU.Build.0 = Release|Any CPU
		{4AD9D495-1F1E-42C9-A192-A071CE5A5B47}.Debug|Any CPU.ActiveCfg = Debug|Any CPU
		{4AD9D495-1F1E-42C9-A192-A071CE5A5B47}.Debug|Any CPU.Build.0 = Debug|Any CPU
		{4AD9D495-1F1E-42C9-A192-A071CE5A5B47}.Release|Any CPU.ActiveCfg = Release|Any CPU
		{4AD9D495-1F1E-42C9-A192-A071CE5A5B47}.Release|Any CPU.Build.0 = Release|Any CPU
		{9241258E-F5FB-45A1-A716-B848287D2593}.Debug|Any CPU.ActiveCfg = Debug|Any CPU
		{9241258E-F5FB-45A1-A716-B848287D2593}.Debug|Any CPU.Build.0 = Debug|Any CPU
		{9241258E-F5FB-45A1-A716-B848287D2593}.Release|Any CPU.ActiveCfg = Debug|Any CPU
		{9241258E-F5FB-45A1-A716-B848287D2593}.Release|Any CPU.Build.0 = Debug|Any CPU
		{3D35A207-5D40-4C76-9B4A-E754AE27F94F}.Debug|Any CPU.ActiveCfg = Debug|Any CPU
		{3D35A207-5D40-4C76-9B4A-E754AE27F94F}.Debug|Any CPU.Build.0 = Debug|Any CPU
		{3D35A207-5D40-4C76-9B4A-E754AE27F94F}.Release|Any CPU.ActiveCfg = Release|Any CPU
		{3D35A207-5D40-4C76-9B4A-E754AE27F94F}.Release|Any CPU.Build.0 = Release|Any CPU
	EndGlobalSection
	GlobalSection(SolutionProperties) = preSolution
		HideSolutionNode = FALSE
	EndGlobalSection
	GlobalSection(ExtensibilityGlobals) = postSolution
		SolutionGuid = {93A75050-3686-486C-A3F0-1EDE6EFF4CF1}
	EndGlobalSection
EndGlobal
